{
  "lockfileVersion": 1,
  "configVersion": 1,
  "workspaces": {
    "": {
      "name": "sissify-me",
      "devDependencies": {
        "train-me-framework": "github:sylm54/train-me#framework-cli",
      },
    },
  },
  "packages": {
    "adm-zip": ["adm-zip@0.6.0", "", {}, "sha512-XleryMhbuksdKtofnWZ9Sk+4CUTbms4Mb/EU32SZwToAyZ5RgVos/ki8n+yr0LWHOGKuakbXTuuYNHLQjhddgg=="],

    "train-me-framework": ["train-me-framework@github:sylm54/train-me#b912ca7", { "dependencies": { "adm-zip": "^0.6.0" }, "bin": { "tm-framework": "./src/cli.ts" } }, "sylm54-train-me-b912ca7", "sha512-MATsxYXM3Qfmy6xAPyF2Wu4gum5qE6gVdlg5NFIdlHv+FQV4ENL08NcoDyLTgB7gifXW2/UWjO0/QJPhBS6gSA=="],
  }
}
