{
  "name": "sissify-me",
  "lockfileVersion": 3,
  "requires": true,
  "packages": {
    "": {
      "name": "sissify-me",
      "devDependencies": {
        "train-me-framework": "github:sylm54/train-me#framework-cli"
      }
    },
    "node_modules/adm-zip": {
      "version": "0.6.0",
      "dev": true,
      "license": "MIT",
      "engines": {
        "node": ">=14.0"
      }
    },
    "node_modules/train-me-framework": {
      "version": "0.1.0",
      "resolved": "git+ssh://git@github.com/sylm54/train-me.git#21295fa908e967bb6364c440c724c307c22dc62f",
      "dev": true,
      "dependencies": {
        "adm-zip": "^0.6.0"
      },
      "bin": {
        "tm-framework": "src/cli.ts"
      }
    }
  }
}
